
Microsoft Visual Studio Solution File, Format Version 12.00
# Visual Studio Version 17
VisualStudioVersion = 17.6.33723.286
MinimumVisualStudioVersion = 10.0.40219.1
Project("{9A19103F-16F7-4668-BE54-9A1E7A4F7556}") = "AMQPTxClient", "AMQPTxClient.csproj", "{916701FC-EC85-40EC-B5E5-0886CE3E9EE5}"
EndProject
Global
	GlobalSection(SolutionConfigurationPlatforms) = preSolution
		Debug|Any CPU = Debug|Any CPU
		Release|Any CPU = Release|Any CPU
	EndGlobalSection
	GlobalSection(ProjectConfigurationPlatforms) = postSolution
		{916701FC-EC85-40EC-B5E5-0886CE3E9EE5}.Debug|Any CPU.ActiveCfg = Debug|Any CPU
		{916701FC-EC85-40EC-B5E5-0886CE3E9EE5}.Debug|Any CPU.Build.0 = Debug|Any CPU
		{916701FC-EC85-40EC-B5E5-0886CE3E9EE5}.Release|Any CPU.ActiveCfg = Release|Any CPU
		{916701FC-EC85-40EC-B5E5-0886CE3E9EE5}.Release|Any CPU.Build.0 = Release|Any CPU
	EndGlobalSection
	GlobalSection(SolutionProperties) = preSolution
		HideSolutionNode = FALSE
	EndGlobalSection
	GlobalSection(ExtensibilityGlobals) = postSolution
		SolutionGuid = {155A16E4-699C-41EA-9666-180F9314F483}
	EndGlobalSection
EndGlobal
